
Microsoft Visual Studio Solution File, Format Version 12.00
# Visual Studio Version 16
VisualStudioVersion = 16.0.31025.194
MinimumVisualStudioVersion = 10.0.40219.1
Project("{FAE04EC0-301F-11D3-BF4B-00C04F79EFBC}") = "TempElementsConsoleApp", "TempElements\TempElementsConsoleApp.csproj", "{1B716815-56C7-4EFD-92EF-5D8CD1D2B03C}"
EndProject
Project("{FAE04EC0-301F-11D3-BF4B-00C04F79EFBC}") = "TempElementsLib", "TempElementsLib\TempElementsLib.csproj", "{F870AB87-A372-4F34-B088-709BD50CAD3E}"
EndProject
Global
	GlobalSection(SolutionConfigurationPlatforms) = preSolution
		Debug|Any CPU = Debug|Any CPU
		Release|Any CPU = Release|Any CPU
	EndGlobalSection
	GlobalSection(ProjectConfigurationPlatforms) = postSolution
		{1B716815-56C7-4EFD-92EF-5D8CD1D2B03C}.Debug|Any CPU.ActiveCfg = Debug|Any CPU
		{1B716815-56C7-4EFD-92EF-5D8CD1D2B03C}.Debug|Any CPU.Build.0 = Debug|Any CPU
		{1B716815-56C7-4EFD-92EF-5D8CD1D2B03C}.Release|Any CPU.ActiveCfg = Release|Any CPU
		{1B716815-56C7-4EFD-92EF-5D8CD1D2B03C}.Release|Any CPU.Build.0 = Release|Any CPU
		{F870AB87-A372-4F34-B088-709BD50CAD3E}.Debug|Any CPU.ActiveCfg = Debug|Any CPU
		{F870AB87-A372-4F34-B088-709BD50CAD3E}.Debug|Any CPU.Build.0 = Debug|Any CPU
		{F870AB87-A372-4F34-B088-709BD50CAD3E}.Release|Any CPU.ActiveCfg = Release|Any CPU
		{F870AB87-A372-4F34-B088-709BD50CAD3E}.Release|Any CPU.Build.0 = Release|Any CPU
	EndGlobalSection
	GlobalSection(SolutionProperties) = preSolution
		HideSolutionNode = FALSE
	EndGlobalSection
	GlobalSection(ExtensibilityGlobals) = postSolution
		SolutionGuid = {49BF2B02-75DB-4E70-9C96-746A7AE2F33B}
	EndGlobalSection
EndGlobal
